
Microsoft Visual Studio Solution File, Format Version 12.00
# Visual Studio Version 17
VisualStudioVersion = 17.8.34511.84
MinimumVisualStudioVersion = 10.0.40219.1
Project("{9A19103F-16F7-4668-BE54-9A1E7A4F7556}") = "EzCheckme", "EzCheckme.csproj", "{9CD347E7-1A66-4914-9A49-5542F7BB404C}"
EndProject
Project("{2150E333-8FDC-42A3-9474-1A3956D46DE8}") = "Solution Items", "Solution Items", "{43BDFBE0-182D-42E2-B7ED-B3913D16D39C}"
EndProject
Global
	GlobalSection(SolutionConfigurationPlatforms) = preSolution
		Debug|Any CPU = Debug|Any CPU
		Release|Any CPU = Release|Any CPU
	EndGlobalSection
	GlobalSection(ProjectConfigurationPlatforms) = postSolution
		{9CD347E7-1A66-4914-9A49-5542F7BB404C}.Debug|Any CPU.ActiveCfg = Debug|Any CPU
		{9CD347E7-1A66-4914-9A49-5542F7BB404C}.Debug|Any CPU.Build.0 = Debug|Any CPU
		{9CD347E7-1A66-4914-9A49-5542F7BB404C}.Debug|Any CPU.Deploy.0 = Debug|Any CPU
		{9CD347E7-1A66-4914-9A49-5542F7BB404C}.Release|Any CPU.ActiveCfg = Release|Any CPU
		{9CD347E7-1A66-4914-9A49-5542F7BB404C}.Release|Any CPU.Build.0 = Release|Any CPU
		{9CD347E7-1A66-4914-9A49-5542F7BB404C}.Release|Any CPU.Deploy.0 = Release|Any CPU
	EndGlobalSection
	GlobalSection(SolutionProperties) = preSolution
		HideSolutionNode = FALSE
	EndGlobalSection
	GlobalSection(ExtensibilityGlobals) = postSolution
		SolutionGuid = {28D1FA64-68ED-401A-B46F-9737FA42C751}
	EndGlobalSection
EndGlobal
